
Microsoft Visual Studio Solution File, Format Version 12.00
# Visual Studio Version 17
VisualStudioVersion = 17.11.35312.102
MinimumVisualStudioVersion = 10.0.40219.1
Project("{2150E333-8FDC-42A3-9474-1A3956D46DE8}") = "Solution Items", "Solution Items", "{B1CB03A3-1E14-4A72-A6FC-619E015D6CA2}"
	ProjectSection(SolutionItems) = preProject
		.editorconfig = .editorconfig
	EndProjectSection
EndProject
Project("{2150E333-8FDC-42A3-9474-1A3956D46DE8}") = "Client", "Client", "{8B58A429-64E5-4154-8F18-37A455E76250}"
EndProject
Project("{2150E333-8FDC-42A3-9474-1A3956D46DE8}") = "Server", "Server", "{41444A06-F69B-4548-B6C1-B1848522D3F1}"
EndProject
Project("{2150E333-8FDC-42A3-9474-1A3956D46DE8}") = "Shared", "Shared", "{352B02BD-90A1-431E-B5A6-327021019FF3}"
EndProject
Project("{FAE04EC0-301F-11D3-BF4B-00C04F79EFBC}") = "Dointo.AiRecruiter.Core", "Dointo.AiRecruiter.Core\Dointo.AiRecruiter.Core.csproj", "{D0B302D6-F87D-47A3-A7D7-1E766C7135EC}"
EndProject
Project("{FAE04EC0-301F-11D3-BF4B-00C04F79EFBC}") = "Dointo.AiRecruiter.Dtos", "Dointo.AiRecruiter.Dtos\Dointo.AiRecruiter.Dtos.csproj", "{282675D0-C942-48F2-8FBA-0FA47FCDCA27}"
EndProject
Project("{FAE04EC0-301F-11D3-BF4B-00C04F79EFBC}") = "Dointo.AiRecruiter.Domain", "Dointo.AiRecruiter.Domain\Dointo.AiRecruiter.Domain.csproj", "{40C4FB1A-2D45-4CB4-8AC5-024DDBF01168}"
EndProject
Project("{FAE04EC0-301F-11D3-BF4B-00C04F79EFBC}") = "Dointo.AiRecruiter.DbInfrastructure", "Dointo.AiRecruiter.DbInfrastructure\Dointo.AiRecruiter.DbInfrastructure.csproj", "{9CAC29E3-5BC6-4423-8308-7E358AF061A3}"
EndProject
Project("{FAE04EC0-301F-11D3-BF4B-00C04F79EFBC}") = "Dointo.AiRecruiter.Application", "Dointo.AiRecruiter.Application\Dointo.AiRecruiter.Application.csproj", "{A26DBAE8-0792-4F05-B9DA-732DBC2C8F35}"
EndProject
Project("{FAE04EC0-301F-11D3-BF4B-00C04F79EFBC}") = "Dointo.AiRecruiter.AiInfrastructure", "Dointo.AiRecruiter.AiInfrastructure\Dointo.AiRecruiter.AiInfrastructure.csproj", "{5D3F542E-009F-44B3-8638-090513AB7CD0}"
EndProject
Project("{FAE04EC0-301F-11D3-BF4B-00C04F79EFBC}") = "Dointo.AiRecruiter.RestApi", "Dointo.AiRecruiter.RestApi\Dointo.AiRecruiter.RestApi.csproj", "{DA59CE82-FB6B-4095-968C-38BE688D03B4}"
EndProject
Project("{2150E333-8FDC-42A3-9474-1A3956D46DE8}") = "Tests", "Tests", "{75B6B6D1-B246-4702-84A3-7D6AFCEEBA98}"
EndProject
Project("{FAE04EC0-301F-11D3-BF4B-00C04F79EFBC}") = "Dointo.AiRecruiter.Domain.Tests", "Dointo.AiRecruiter.Domain.Tests\Dointo.AiRecruiter.Domain.Tests.csproj", "{CFAF6BAE-20DD-46A0-8694-9B58F79A3E8E}"
EndProject
Project("{FAE04EC0-301F-11D3-BF4B-00C04F79EFBC}") = "Dointo.AiRecruiter.Application.Tests", "Dointo.AiRecruiter.Application.Tests\Dointo.AiRecruiter.Application.Tests.csproj", "{32A99049-F896-4CF1-A4DE-B9AA6BFE586E}"
EndProject
Project("{FAE04EC0-301F-11D3-BF4B-00C04F79EFBC}") = "Dointo.AiRecruiter.Core.Tests", "Dointo.AiRecruiter.Core.Tests\Dointo.AiRecruiter.Core.Tests.csproj", "{69DF46C8-5A18-401C-9675-54A61A544367}"
EndProject
Project("{FAE04EC0-301F-11D3-BF4B-00C04F79EFBC}") = "Dointo.AiRecruiter.DbInfrastructure.Tests", "Dointo.AiRecruiter.DbInfrastructure.Tests\Dointo.AiRecruiter.DbInfrastructure.Tests.csproj", "{F63092A5-A745-494B-B743-21E7E57404FC}"
EndProject
Project("{FAE04EC0-301F-11D3-BF4B-00C04F79EFBC}") = "Dointo.AiRecruiter.RestApi.Tests", "Dointo.AiRecruiter.RestApi.Tests\Dointo.AiRecruiter.RestApi.Tests.csproj", "{118971BF-0BC2-467E-B95C-AC5CE74B04EC}"
EndProject
Project("{54A90642-561A-4BB1-A94E-469ADEE60C69}") = "dointo.airecruiter.web", "dointo.airecruiter.web\dointo.airecruiter.web.esproj", "{5EDF1010-87A3-43E9-90BB-4CC17852B110}"
EndProject
Global
	GlobalSection(SolutionConfigurationPlatforms) = preSolution
		Debug|Any CPU = Debug|Any CPU
		Release|Any CPU = Release|Any CPU
	EndGlobalSection
	GlobalSection(ProjectConfigurationPlatforms) = postSolution
		{D0B302D6-F87D-47A3-A7D7-1E766C7135EC}.Debug|Any CPU.ActiveCfg = Debug|Any CPU
		{D0B302D6-F87D-47A3-A7D7-1E766C7135EC}.Debug|Any CPU.Build.0 = Debug|Any CPU
		{D0B302D6-F87D-47A3-A7D7-1E766C7135EC}.Release|Any CPU.ActiveCfg = Release|Any CPU
		{D0B302D6-F87D-47A3-A7D7-1E766C7135EC}.Release|Any CPU.Build.0 = Release|Any CPU
		{282675D0-C942-48F2-8FBA-0FA47FCDCA27}.Debug|Any CPU.ActiveCfg = Debug|Any CPU
		{282675D0-C942-48F2-8FBA-0FA47FCDCA27}.Debug|Any CPU.Build.0 = Debug|Any CPU
		{282675D0-C942-48F2-8FBA-0FA47FCDCA27}.Release|Any CPU.ActiveCfg = Release|Any CPU
		{282675D0-C942-48F2-8FBA-0FA47FCDCA27}.Release|Any CPU.Build.0 = Release|Any CPU
		{40C4FB1A-2D45-4CB4-8AC5-024DDBF01168}.Debug|Any CPU.ActiveCfg = Debug|Any CPU
		{40C4FB1A-2D45-4CB4-8AC5-024DDBF01168}.Debug|Any CPU.Build.0 = Debug|Any CPU
		{40C4FB1A-2D45-4CB4-8AC5-024DDBF01168}.Release|Any CPU.ActiveCfg = Release|Any CPU
		{40C4FB1A-2D45-4CB4-8AC5-024DDBF01168}.Release|Any CPU.Build.0 = Release|Any CPU
		{9CAC29E3-5BC6-4423-8308-7E358AF061A3}.Debug|Any CPU.ActiveCfg = Debug|Any CPU
		{9CAC29E3-5BC6-4423-8308-7E358AF061A3}.Debug|Any CPU.Build.0 = Debug|Any CPU
		{9CAC29E3-5BC6-4423-8308-7E358AF061A3}.Release|Any CPU.ActiveCfg = Release|Any CPU
		{9CAC29E3-5BC6-4423-8308-7E358AF061A3}.Release|Any CPU.Build.0 = Release|Any CPU
		{A26DBAE8-0792-4F05-B9DA-732DBC2C8F35}.Debug|Any CPU.ActiveCfg = Debug|Any CPU
		{A26DBAE8-0792-4F05-B9DA-732DBC2C8F35}.Debug|Any CPU.Build.0 = Debug|Any CPU
		{A26DBAE8-0792-4F05-B9DA-732DBC2C8F35}.Release|Any CPU.ActiveCfg = Release|Any CPU
		{A26DBAE8-0792-4F05-B9DA-732DBC2C8F35}.Release|Any CPU.Build.0 = Release|Any CPU
		{5D3F542E-009F-44B3-8638-090513AB7CD0}.Debug|Any CPU.ActiveCfg = Debug|Any CPU
		{5D3F542E-009F-44B3-8638-090513AB7CD0}.Debug|Any CPU.Build.0 = Debug|Any CPU
		{5D3F542E-009F-44B3-8638-090513AB7CD0}.Release|Any CPU.ActiveCfg = Release|Any CPU
		{5D3F542E-009F-44B3-8638-090513AB7CD0}.Release|Any CPU.Build.0 = Release|Any CPU
		{DA59CE82-FB6B-4095-968C-38BE688D03B4}.Debug|Any CPU.ActiveCfg = Debug|Any CPU
		{DA59CE82-FB6B-4095-968C-38BE688D03B4}.Debug|Any CPU.Build.0 = Debug|Any CPU
		{DA59CE82-FB6B-4095-968C-38BE688D03B4}.Release|Any CPU.ActiveCfg = Release|Any CPU
		{DA59CE82-FB6B-4095-968C-38BE688D03B4}.Release|Any CPU.Build.0 = Release|Any CPU
		{CFAF6BAE-20DD-46A0-8694-9B58F79A3E8E}.Debug|Any CPU.ActiveCfg = Debug|Any CPU
		{CFAF6BAE-20DD-46A0-8694-9B58F79A3E8E}.Debug|Any CPU.Build.0 = Debug|Any CPU
		{CFAF6BAE-20DD-46A0-8694-9B58F79A3E8E}.Release|Any CPU.ActiveCfg = Release|Any CPU
		{CFAF6BAE-20DD-46A0-8694-9B58F79A3E8E}.Release|Any CPU.Build.0 = Release|Any CPU
		{32A99049-F896-4CF1-A4DE-B9AA6BFE586E}.Debug|Any CPU.ActiveCfg = Debug|Any CPU
		{32A99049-F896-4CF1-A4DE-B9AA6BFE586E}.Debug|Any CPU.Build.0 = Debug|Any CPU
		{32A99049-F896-4CF1-A4DE-B9AA6BFE586E}.Release|Any CPU.ActiveCfg = Release|Any CPU
		{32A99049-F896-4CF1-A4DE-B9AA6BFE586E}.Release|Any CPU.Build.0 = Release|Any CPU
		{69DF46C8-5A18-401C-9675-54A61A544367}.Debug|Any CPU.ActiveCfg = Debug|Any CPU
		{69DF46C8-5A18-401C-9675-54A61A544367}.Debug|Any CPU.Build.0 = Debug|Any CPU
		{69DF46C8-5A18-401C-9675-54A61A544367}.Release|Any CPU.ActiveCfg = Release|Any CPU
		{69DF46C8-5A18-401C-9675-54A61A544367}.Release|Any CPU.Build.0 = Release|Any CPU
		{F63092A5-A745-494B-B743-21E7E57404FC}.Debug|Any CPU.ActiveCfg = Debug|Any CPU
		{F63092A5-A745-494B-B743-21E7E57404FC}.Debug|Any CPU.Build.0 = Debug|Any CPU
		{F63092A5-A745-494B-B743-21E7E57404FC}.Release|Any CPU.ActiveCfg = Release|Any CPU
		{F63092A5-A745-494B-B743-21E7E57404FC}.Release|Any CPU.Build.0 = Release|Any CPU
		{118971BF-0BC2-467E-B95C-AC5CE74B04EC}.Debug|Any CPU.ActiveCfg = Debug|Any CPU
		{118971BF-0BC2-467E-B95C-AC5CE74B04EC}.Debug|Any CPU.Build.0 = Debug|Any CPU
		{118971BF-0BC2-467E-B95C-AC5CE74B04EC}.Release|Any CPU.ActiveCfg = Release|Any CPU
		{118971BF-0BC2-467E-B95C-AC5CE74B04EC}.Release|Any CPU.Build.0 = Release|Any CPU
		{5EDF1010-87A3-43E9-90BB-4CC17852B110}.Debug|Any CPU.ActiveCfg = Debug|Any CPU
		{5EDF1010-87A3-43E9-90BB-4CC17852B110}.Debug|Any CPU.Build.0 = Debug|Any CPU
		{5EDF1010-87A3-43E9-90BB-4CC17852B110}.Debug|Any CPU.Deploy.0 = Debug|Any CPU
		{5EDF1010-87A3-43E9-90BB-4CC17852B110}.Release|Any CPU.ActiveCfg = Release|Any CPU
		{5EDF1010-87A3-43E9-90BB-4CC17852B110}.Release|Any CPU.Build.0 = Release|Any CPU
		{5EDF1010-87A3-43E9-90BB-4CC17852B110}.Release|Any CPU.Deploy.0 = Release|Any CPU
	EndGlobalSection
	GlobalSection(SolutionProperties) = preSolution
		HideSolutionNode = FALSE
	EndGlobalSection
	GlobalSection(NestedProjects) = preSolution
		{D0B302D6-F87D-47A3-A7D7-1E766C7135EC} = {352B02BD-90A1-431E-B5A6-327021019FF3}
		{282675D0-C942-48F2-8FBA-0FA47FCDCA27} = {41444A06-F69B-4548-B6C1-B1848522D3F1}
		{40C4FB1A-2D45-4CB4-8AC5-024DDBF01168} = {41444A06-F69B-4548-B6C1-B1848522D3F1}
		{9CAC29E3-5BC6-4423-8308-7E358AF061A3} = {41444A06-F69B-4548-B6C1-B1848522D3F1}
		{A26DBAE8-0792-4F05-B9DA-732DBC2C8F35} = {41444A06-F69B-4548-B6C1-B1848522D3F1}
		{5D3F542E-009F-44B3-8638-090513AB7CD0} = {41444A06-F69B-4548-B6C1-B1848522D3F1}
		{DA59CE82-FB6B-4095-968C-38BE688D03B4} = {41444A06-F69B-4548-B6C1-B1848522D3F1}
		{CFAF6BAE-20DD-46A0-8694-9B58F79A3E8E} = {75B6B6D1-B246-4702-84A3-7D6AFCEEBA98}
		{32A99049-F896-4CF1-A4DE-B9AA6BFE586E} = {75B6B6D1-B246-4702-84A3-7D6AFCEEBA98}
		{69DF46C8-5A18-401C-9675-54A61A544367} = {75B6B6D1-B246-4702-84A3-7D6AFCEEBA98}
		{F63092A5-A745-494B-B743-21E7E57404FC} = {75B6B6D1-B246-4702-84A3-7D6AFCEEBA98}
		{118971BF-0BC2-467E-B95C-AC5CE74B04EC} = {75B6B6D1-B246-4702-84A3-7D6AFCEEBA98}
		{5EDF1010-87A3-43E9-90BB-4CC17852B110} = {8B58A429-64E5-4154-8F18-37A455E76250}
	EndGlobalSection
	GlobalSection(ExtensibilityGlobals) = postSolution
		SolutionGuid = {1F53CF6D-5D6E-4A82-9A4A-38D1E7B63D11}
	EndGlobalSection
EndGlobal
